<Solution>
  <Project Path="ConsoleApp.Test.NUnit/ConsoleApp.Test.NUnit.csproj" Id="5b4eb063-c642-44da-be71-b33ce76ac5ce" />
  <Project Path="ConsoleApp.Tests.MSTest/ConsoleApp.Tests.MSTest.csproj" Id="a79495cd-9292-485a-adb1-fa4535289926" />
  <Project Path="ConsoleApp.Tests.xUnit/ConsoleApp.Tests.xUnit.csproj" Id="6672acd9-5140-47c9-88bf-8c4a34dbf5a5" />
  <Project Path="ConsoleApp/ConsoleApp.csproj" />
</Solution>
