<Solution>
  <Project Path="ConsoleApp.Test.NUnit/ConsoleApp.Test.NUnit.csproj" Id="5b4eb063-c642-44da-be71-b33ce76ac5ce" />
  <Project Path="ConsoleApp.Tests.MSTest/ConsoleApp.Tests.MSTest.csproj" Id="a79495cd-9292-485a-adb1-fa4535289926" />
  <Project Path="ConsoleApp.Tests.xUnit/ConsoleApp.Tests.xUnit.csproj" Id="6672acd9-5140-47c9-88bf-8c4a34dbf5a5" />
  <Project Path="ConsoleApp/ConsoleApp.csproj" />
  <Project Path="Shop.Tests/Shop.Tests.csproj" Id="75bc9715-0d97-42ef-86c3-b41c10234fb0" />
  <Project Path="Shop/Shop.csproj" Id="b8be29c3-4dea-4c9c-996e-eddfbf7a666e" />
  <Project Path="TDD.Tests/TDD.Tests.csproj" Id="82499b5f-51ca-4e92-a474-615993adb6f4" />
  <Project Path="TDD/TDD.csproj" Id="590579f0-1e5e-4960-998a-8aea1e0b2653" />
  <Project Path="WebAPI.Tests/WebAPI.Tests.csproj" Id="85bdf5a8-a7de-4f4d-b88a-281756623ebb" />
  <Project Path="WebAPI/WebAPI.csproj" Id="22fefac1-66cd-4302-8bba-999a3ba20605" />
</Solution>
